// !$*UTF8*$!
{
	archiveVersion = 1;
	classes = {
	};
	objectVersion = 48;
	objects = {

/* Begin PBXBuildFile section */
		5FC7F48CA88E268E98EA9C81 /* Pods_ProStudioRhymes.framework in Frameworks */ = {isa = PBXBuildFile; fileRef = 996841B4E2466777ABB494CE /* Pods_ProStudioRhymes.framework */; };
		820377801FACE6F100341FDE /* RhymingTableTableViewController.swift in Sources */ = {isa = PBXBuildFile; fileRef = 8203777F1FACE6F100341FDE /* RhymingTableTableViewController.swift */; };
		820377821FADA7E400341FDE /* beatsPackOne.jpg in Resources */ = {isa = PBXBuildFile; fileRef = 820377811FADA7E300341FDE /* beatsPackOne.jpg */; };
		8250308C1FB015320012CB18 /* beatCreatorImage.jpg in Resources */ = {isa = PBXBuildFile; fileRef = 8250308B1FB015310012CB18 /* beatCreatorImage.jpg */; };
		8250308E1FB015A30012CB18 /* ProStudioBeatLibrary3Image.jpg in Resources */ = {isa = PBXBuildFile; fileRef = 8250308D1FB015A20012CB18 /* ProStudioBeatLibrary3Image.jpg */; };
		82613A3B1FAAF7B300D21D50 /* AppDelegate.swift in Sources */ = {isa = PBXBuildFile; fileRef = 82613A3A1FAAF7B300D21D50 /* AppDelegate.swift */; };
		82613A3D1FAAF7B300D21D50 /* ViewController.swift in Sources */ = {isa = PBXBuildFile; fileRef = 82613A3C1FAAF7B300D21D50 /* ViewController.swift */; };
		82613A401FAAF7B300D21D50 /* Main.storyboard in Resources */ = {isa = PBXBuildFile; fileRef = 82613A3E1FAAF7B300D21D50 /* Main.storyboard */; };
		82613A4F1FAAFA2000D21D50 /* Default.png in Resources */ = {isa = PBXBuildFile; fileRef = 82613A4C1FAAFA2000D21D50 /* Default.png */; };
		82613A501FAAFA2000D21D50 /* Default@2x.png in Resources */ = {isa = PBXBuildFile; fileRef = 82613A4D1FAAFA2000D21D50 /* Default@2x.png */; };
		82613A511FAAFA2000D21D50 /* Default-568h@2x.png in Resources */ = {isa = PBXBuildFile; fileRef = 82613A4E1FAAFA2000D21D50 /* Default-568h@2x.png */; };
		82613A591FAAFA4600D21D50 /* icongood.png in Resources */ = {isa = PBXBuildFile; fileRef = 82613A521FAAFA4500D21D50 /* icongood.png */; };
		82613A5A1FAAFA4600D21D50 /* photo (1).PNG in Resources */ = {isa = PBXBuildFile; fileRef = 82613A531FAAFA4500D21D50 /* photo (1).PNG */; };
		82613A5B1FAAFA4600D21D50 /* TopBar@2x.png in Resources */ = {isa = PBXBuildFile; fileRef = 82613A541FAAFA4500D21D50 /* TopBar@2x.png */; };
		82613A5C1FAAFA4600D21D50 /* TopBar.png in Resources */ = {isa = PBXBuildFile; fileRef = 82613A551FAAFA4600D21D50 /* TopBar.png */; };
		82613A5D1FAAFA4600D21D50 /* img_welcome.png in Resources */ = {isa = PBXBuildFile; fileRef = 82613A561FAAFA4600D21D50 /* img_welcome.png */; };
		82613A5E1FAAFA4600D21D50 /* icon.png in Resources */ = {isa = PBXBuildFile; fileRef = 82613A571FAAFA4600D21D50 /* icon.png */; };
		82613A5F1FAAFA4600D21D50 /* iconrhymes.png in Resources */ = {isa = PBXBuildFile; fileRef = 82613A581FAAFA4600D21D50 /* iconrhymes.png */; };
		82D5347D1FAC43F600B9F9DE /* RhymeStructure.swift in Sources */ = {isa = PBXBuildFile; fileRef = 82D5347C1FAC43F600B9F9DE /* RhymeStructure.swift */; };
		82E526EB1FB13B6D00859268 /* Reachability.swift in Sources */ = {isa = PBXBuildFile; fileRef = 82E526EA1FB13B6D00859268 /* Reachability.swift */; };
		82E526F11FB1611900859268 /* Media.xcassets in Resources */ = {isa = PBXBuildFile; fileRef = 82E526F01FB1611900859268 /* Media.xcassets */; };
		82E526F31FB1635A00859268 /* Launch Screen.storyboard in Resources */ = {isa = PBXBuildFile; fileRef = 82E526F21FB1635A00859268 /* Launch Screen.storyboard */; };
		82E526F51FB1649C00859268 /* pexels-photo-144429.jpg in Resources */ = {isa = PBXBuildFile; fileRef = 82E526F41FB1649C00859268 /* pexels-photo-144429.jpg */; };
		82E526F71FB1657D00859268 /* micDrop.jpeg in Resources */ = {isa = PBXBuildFile; fileRef = 82E526F61FB1657D00859268 /* micDrop.jpeg */; };
		82F7BD031FAE3C2100F93A6E /* beatLibraryTwoImage.jpg in Resources */ = {isa = PBXBuildFile; fileRef = 82F7BD021FAE3C2100F93A6E /* beatLibraryTwoImage.jpg */; };
		82F7BD051FAE3E9700F93A6E /* beatPack3.jpg in Resources */ = {isa = PBXBuildFile; fileRef = 82F7BD041FAE3E9700F93A6E /* beatPack3.jpg */; };
		82F7BD071FAE435400F93A6E /* ProStudioApp2.jpg in Resources */ = {isa = PBXBuildFile; fileRef = 82F7BD061FAE435300F93A6E /* ProStudioApp2.jpg */; };
/* End PBXBuildFile section */

/* Begin PBXFileReference section */
		4AA27C1E07806FF70E39C06E /* Pods-ProStudioRhymes.debug.xcconfig */ = {isa = PBXFileReference; includeInIndex = 1; lastKnownFileType = text.xcconfig; name = "Pods-ProStudioRhymes.debug.xcconfig"; path = "Pods/Target Support Files/Pods-ProStudioRhymes/Pods-ProStudioRhymes.debug.xcconfig"; sourceTree = "<group>"; };
		8203777F1FACE6F100341FDE /* RhymingTableTableViewController.swift */ = {isa = PBXFileReference; lastKnownFileType = sourcecode.swift; path = RhymingTableTableViewController.swift; sourceTree = "<group>"; };
		820377811FADA7E300341FDE /* beatsPackOne.jpg */ = {isa = PBXFileReference; lastKnownFileType = image.jpeg; path = beatsPackOne.jpg; sourceTree = "<group>"; };
		8250308B1FB015310012CB18 /* beatCreatorImage.jpg */ = {isa = PBXFileReference; lastKnownFileType = image.jpeg; path = beatCreatorImage.jpg; sourceTree = "<group>"; };
		8250308D1FB015A20012CB18 /* ProStudioBeatLibrary3Image.jpg */ = {isa = PBXFileReference; lastKnownFileType = image.jpeg; path = ProStudioBeatLibrary3Image.jpg; sourceTree = "<group>"; };
		82613A371FAAF7B300D21D50 /* ProStudioRhymes.app */ = {isa = PBXFileReference; explicitFileType = wrapper.application; includeInIndex = 0; path = ProStudioRhymes.app; sourceTree = BUILT_PRODUCTS_DIR; };
		82613A3A1FAAF7B300D21D50 /* AppDelegate.swift */ = {isa = PBXFileReference; lastKnownFileType = sourcecode.swift; path = AppDelegate.swift; sourceTree = "<group>"; };
		82613A3C1FAAF7B300D21D50 /* ViewController.swift */ = {isa = PBXFileReference; lastKnownFileType = sourcecode.swift; path = ViewController.swift; sourceTree = "<group>"; };
		82613A3F1FAAF7B300D21D50 /* Base */ = {isa = PBXFileReference; lastKnownFileType = file.storyboard; name = Base; path = Base.lproj/Main.storyboard; sourceTree = "<group>"; };
		82613A461FAAF7B300D21D50 /* Info.plist */ = {isa = PBXFileReference; lastKnownFileType = text.plist.xml; path = Info.plist; sourceTree = "<group>"; };
		82613A4C1FAAFA2000D21D50 /* Default.png */ = {isa = PBXFileReference; lastKnownFileType = image.png; path = Default.png; sourceTree = "<group>"; };
		82613A4D1FAAFA2000D21D50 /* Default@2x.png */ = {isa = PBXFileReference; lastKnownFileType = image.png; path = "Default@2x.png"; sourceTree = "<group>"; };
		82613A4E1FAAFA2000D21D50 /* Default-568h@2x.png */ = {isa = PBXFileReference; lastKnownFileType = image.png; path = "Default-568h@2x.png"; sourceTree = "<group>"; };
		82613A521FAAFA4500D21D50 /* icongood.png */ = {isa = PBXFileReference; lastKnownFileType = image.png; path = icongood.png; sourceTree = "<group>"; };
		82613A531FAAFA4500D21D50 /* photo (1).PNG */ = {isa = PBXFileReference; lastKnownFileType = image.png; path = "photo (1).PNG"; sourceTree = "<group>"; };
		82613A541FAAFA4500D21D50 /* TopBar@2x.png */ = {isa = PBXFileReference; lastKnownFileType = image.png; path = "TopBar@2x.png"; sourceTree = "<group>"; };
		82613A551FAAFA4600D21D50 /* TopBar.png */ = {isa = PBXFileReference; lastKnownFileType = image.png; path = TopBar.png; sourceTree = "<group>"; };
		82613A561FAAFA4600D21D50 /* img_welcome.png */ = {isa = PBXFileReference; lastKnownFileType = image.png; path = img_welcome.png; sourceTree = "<group>"; };
		82613A571FAAFA4600D21D50 /* icon.png */ = {isa = PBXFileReference; lastKnownFileType = image.png; path = icon.png; sourceTree = "<group>"; };
		82613A581FAAFA4600D21D50 /* iconrhymes.png */ = {isa = PBXFileReference; lastKnownFileType = image.png; path = iconrhymes.png; sourceTree = "<group>"; };
		82D5347C1FAC43F600B9F9DE /* RhymeStructure.swift */ = {isa = PBXFileReference; lastKnownFileType = sourcecode.swift; path = RhymeStructure.swift; sourceTree = "<group>"; };
		82E526EA1FB13B6D00859268 /* Reachability.swift */ = {isa = PBXFileReference; lastKnownFileType = sourcecode.swift; path = Reachability.swift; sourceTree = "<group>"; };
		82E526F01FB1611900859268 /* Media.xcassets */ = {isa = PBXFileReference; lastKnownFileType = folder.assetcatalog; path = Media.xcassets; sourceTree = "<group>"; };
		82E526F21FB1635A00859268 /* Launch Screen.storyboard */ = {isa = PBXFileReference; lastKnownFileType = file.storyboard; path = "Launch Screen.storyboard"; sourceTree = "<group>"; };
		82E526F41FB1649C00859268 /* pexels-photo-144429.jpg */ = {isa = PBXFileReference; lastKnownFileType = image.jpeg; path = "pexels-photo-144429.jpg"; sourceTree = "<group>"; };
		82E526F61FB1657D00859268 /* micDrop.jpeg */ = {isa = PBXFileReference; lastKnownFileType = image.jpeg; path = micDrop.jpeg; sourceTree = "<group>"; };
		82F7BD021FAE3C2100F93A6E /* beatLibraryTwoImage.jpg */ = {isa = PBXFileReference; lastKnownFileType = image.jpeg; path = beatLibraryTwoImage.jpg; sourceTree = "<group>"; };
		82F7BD041FAE3E9700F93A6E /* beatPack3.jpg */ = {isa = PBXFileReference; lastKnownFileType = image.jpeg; path = beatPack3.jpg; sourceTree = "<group>"; };
		82F7BD061FAE435300F93A6E /* ProStudioApp2.jpg */ = {isa = PBXFileReference; lastKnownFileType = image.jpeg; path = ProStudioApp2.jpg; sourceTree = "<group>"; };
		996841B4E2466777ABB494CE /* Pods_ProStudioRhymes.framework */ = {isa = PBXFileReference; explicitFileType = wrapper.framework; includeInIndex = 0; path = Pods_ProStudioRhymes.framework; sourceTree = BUILT_PRODUCTS_DIR; };
		ED86F091B294AB4F4FF8E237 /* Pods-ProStudioRhymes.release.xcconfig */ = {isa = PBXFileReference; includeInIndex = 1; lastKnownFileType = text.xcconfig; name = "Pods-ProStudioRhymes.release.xcconfig"; path = "Pods/Target Support Files/Pods-ProStudioRhymes/Pods-ProStudioRhymes.release.xcconfig"; sourceTree = "<group>"; };
/* End PBXFileReference section */

/* Begin PBXFrameworksBuildPhase section */
		82613A341FAAF7B300D21D50 /* Frameworks */ = {
			isa = PBXFrameworksBuildPhase;
			buildActionMask = 2147483647;
			files = (
				5FC7F48CA88E268E98EA9C81 /* Pods_ProStudioRhymes.framework in Frameworks */,
			);
			runOnlyForDeploymentPostprocessing = 0;
		};
/* End PBXFrameworksBuildPhase section */

/* Begin PBXGroup section */
		5B965670E3E1B5BE3081863F /* Pods */ = {
			isa = PBXGroup;
			children = (
				4AA27C1E07806FF70E39C06E /* Pods-ProStudioRhymes.debug.xcconfig */,
				ED86F091B294AB4F4FF8E237 /* Pods-ProStudioRhymes.release.xcconfig */,
			);
			name = Pods;
			sourceTree = "<group>";
		};
		82613A2E1FAAF7B300D21D50 = {
			isa = PBXGroup;
			children = (
				82613A391FAAF7B300D21D50 /* ProStudioRhymes */,
				82613A381FAAF7B300D21D50 /* Products */,
				5B965670E3E1B5BE3081863F /* Pods */,
				AA7C75C4B0822102B21D8147 /* Frameworks */,
			);
			sourceTree = "<group>";
		};
		82613A381FAAF7B300D21D50 /* Products */ = {
			isa = PBXGroup;
			children = (
				82613A371FAAF7B300D21D50 /* ProStudioRhymes.app */,
			);
			name = Products;
			sourceTree = "<group>";
		};
		82613A391FAAF7B300D21D50 /* ProStudioRhymes */ = {
			isa = PBXGroup;
			children = (
				82613A3A1FAAF7B300D21D50 /* AppDelegate.swift */,
				82E526EA1FB13B6D00859268 /* Reachability.swift */,
				82613A3C1FAAF7B300D21D50 /* ViewController.swift */,
				8203777F1FACE6F100341FDE /* RhymingTableTableViewController.swift */,
				82D5347C1FAC43F600B9F9DE /* RhymeStructure.swift */,
				82613A3E1FAAF7B300D21D50 /* Main.storyboard */,
				82E526F21FB1635A00859268 /* Launch Screen.storyboard */,
				82613A461FAAF7B300D21D50 /* Info.plist */,
				82E526F01FB1611900859268 /* Media.xcassets */,
				82F7BD081FAE55A200F93A6E /* Images */,
			);
			path = ProStudioRhymes;
			sourceTree = "<group>";
		};
		82F7BD081FAE55A200F93A6E /* Images */ = {
			isa = PBXGroup;
			children = (
				82E526F61FB1657D00859268 /* micDrop.jpeg */,
				82E526F41FB1649C00859268 /* pexels-photo-144429.jpg */,
				8250308D1FB015A20012CB18 /* ProStudioBeatLibrary3Image.jpg */,
				8250308B1FB015310012CB18 /* beatCreatorImage.jpg */,
				82F7BD041FAE3E9700F93A6E /* beatPack3.jpg */,
				82F7BD021FAE3C2100F93A6E /* beatLibraryTwoImage.jpg */,
				82613A4E1FAAFA2000D21D50 /* Default-568h@2x.png */,
				82613A4C1FAAFA2000D21D50 /* Default.png */,
				82613A4D1FAAFA2000D21D50 /* Default@2x.png */,
				82613A561FAAFA4600D21D50 /* img_welcome.png */,
				820377811FADA7E300341FDE /* beatsPackOne.jpg */,
				82613A571FAAFA4600D21D50 /* icon.png */,
				82613A521FAAFA4500D21D50 /* icongood.png */,
				82613A581FAAFA4600D21D50 /* iconrhymes.png */,
				82613A531FAAFA4500D21D50 /* photo (1).PNG */,
				82613A551FAAFA4600D21D50 /* TopBar.png */,
				82613A541FAAFA4500D21D50 /* TopBar@2x.png */,
				82F7BD061FAE435300F93A6E /* ProStudioApp2.jpg */,
			);
			path = Images;
			sourceTree = "<group>";
		};
		AA7C75C4B0822102B21D8147 /* Frameworks */ = {
			isa = PBXGroup;
			children = (
				996841B4E2466777ABB494CE /* Pods_ProStudioRhymes.framework */,
			);
			name = Frameworks;
			sourceTree = "<group>";
		};
/* End PBXGroup section */

/* Begin PBXNativeTarget section */
		82613A361FAAF7B300D21D50 /* ProStudioRhymes */ = {
			isa = PBXNativeTarget;
			buildConfigurationList = 82613A491FAAF7B300D21D50 /* Build configuration list for PBXNativeTarget "ProStudioRhymes" */;
			buildPhases = (
				AABB83D45CDE191596507061 /* [CP] Check Pods Manifest.lock */,
				82613A331FAAF7B300D21D50 /* Sources */,
				82613A341FAAF7B300D21D50 /* Frameworks */,
				82613A351FAAF7B300D21D50 /* Resources */,
				D5135BF11A518C79AD05B59E /* [CP] Embed Pods Frameworks */,
				3DEAE99FA7B619E5599E800B /* [CP] Copy Pods Resources */,
			);
			buildRules = (
			);
			dependencies = (
			);
			name = ProStudioRhymes;
			productName = ProStudioRhymes;
			productReference = 82613A371FAAF7B300D21D50 /* ProStudioRhymes.app */;
			productType = "com.apple.product-type.application";
		};
/* End PBXNativeTarget section */

/* Begin PBXProject section */
		82613A2F1FAAF7B300D21D50 /* Project object */ = {
			isa = PBXProject;
			attributes = {
				LastSwiftUpdateCheck = 0920;
				LastUpgradeCheck = 0920;
				ORGANIZATIONNAME = Createlex;
				TargetAttributes = {
					82613A361FAAF7B300D21D50 = {
						CreatedOnToolsVersion = 9.2;
						ProvisioningStyle = Automatic;
					};
				};
			};
			buildConfigurationList = 82613A321FAAF7B300D21D50 /* Build configuration list for PBXProject "ProStudioRhymes" */;
			compatibilityVersion = "Xcode 8.0";
			developmentRegion = en;
			hasScannedForEncodings = 0;
			knownRegions = (
				en,
				Base,
			);
			mainGroup = 82613A2E1FAAF7B300D21D50;
			productRefGroup = 82613A381FAAF7B300D21D50 /* Products */;
			projectDirPath = "";
			projectRoot = "";
			targets = (
				82613A361FAAF7B300D21D50 /* ProStudioRhymes */,
			);
		};
/* End PBXProject section */

/* Begin PBXResourcesBuildPhase section */
		82613A351FAAF7B300D21D50 /* Resources */ = {
			isa = PBXResourcesBuildPhase;
			buildActionMask = 2147483647;
			files = (
				8250308C1FB015320012CB18 /* beatCreatorImage.jpg in Resources */,
				82F7BD071FAE435400F93A6E /* ProStudioApp2.jpg in Resources */,
				82613A591FAAFA4600D21D50 /* icongood.png in Resources */,
				82613A5C1FAAFA4600D21D50 /* TopBar.png in Resources */,
				82F7BD031FAE3C2100F93A6E /* beatLibraryTwoImage.jpg in Resources */,
				82613A501FAAFA2000D21D50 /* Default@2x.png in Resources */,
				82E526F11FB1611900859268 /* Media.xcassets in Resources */,
				8250308E1FB015A30012CB18 /* ProStudioBeatLibrary3Image.jpg in Resources */,
				82613A5B1FAAFA4600D21D50 /* TopBar@2x.png in Resources */,
				820377821FADA7E400341FDE /* beatsPackOne.jpg in Resources */,
				82613A5A1FAAFA4600D21D50 /* photo (1).PNG in Resources */,
				82613A5D1FAAFA4600D21D50 /* img_welcome.png in Resources */,
				82613A5E1FAAFA4600D21D50 /* icon.png in Resources */,
				82F7BD051FAE3E9700F93A6E /* beatPack3.jpg in Resources */,
				82613A401FAAF7B300D21D50 /* Main.storyboard in Resources */,
				82613A5F1FAAFA4600D21D50 /* iconrhymes.png in Resources */,
				82613A4F1FAAFA2000D21D50 /* Default.png in Resources */,
				82E526F31FB1635A00859268 /* Launch Screen.storyboard in Resources */,
				82613A511FAAFA2000D21D50 /* Default-568h@2x.png in Resources */,
				82E526F71FB1657D00859268 /* micDrop.jpeg in Resources */,
				82E526F51FB1649C00859268 /* pexels-photo-144429.jpg in Resources */,
			);
			runOnlyForDeploymentPostprocessing = 0;
		};
/* End PBXResourcesBuildPhase section */

/* Begin PBXShellScriptBuildPhase section */
		3DEAE99FA7B619E5599E800B /* [CP] Copy Pods Resources */ = {
			isa = PBXShellScriptBuildPhase;
			buildActionMask = 2147483647;
			files = (
			);
			inputPaths = (
			);
			name = "[CP] Copy Pods Resources";
			outputPaths = (
			);
			runOnlyForDeploymentPostprocessing = 0;
			shellPath = /bin/sh;
			shellScript = "\"${SRCROOT}/Pods/Target Support Files/Pods-ProStudioRhymes/Pods-ProStudioRhymes-resources.sh\"\n";
			showEnvVarsInLog = 0;
		};
		AABB83D45CDE191596507061 /* [CP] Check Pods Manifest.lock */ = {
			isa = PBXShellScriptBuildPhase;
			buildActionMask = 2147483647;
			files = (
			);
			inputPaths = (
				"${PODS_PODFILE_DIR_PATH}/Podfile.lock",
				"${PODS_ROOT}/Manifest.lock",
			);
			name = "[CP] Check Pods Manifest.lock";
			outputPaths = (
				"$(DERIVED_FILE_DIR)/Pods-ProStudioRhymes-checkManifestLockResult.txt",
			);
			runOnlyForDeploymentPostprocessing = 0;
			shellPath = /bin/sh;
			shellScript = "diff \"${PODS_PODFILE_DIR_PATH}/Podfile.lock\" \"${PODS_ROOT}/Manifest.lock\" > /dev/null\nif [ $? != 0 ] ; then\n    # print error to STDERR\n    echo \"error: The sandbox is not in sync with the Podfile.lock. Run 'pod install' or update your CocoaPods installation.\" >&2\n    exit 1\nfi\n# This output is used by Xcode 'outputs' to avoid re-running this script phase.\necho \"SUCCESS\" > \"${SCRIPT_OUTPUT_FILE_0}\"\n";
			showEnvVarsInLog = 0;
		};
		D5135BF11A518C79AD05B59E /* [CP] Embed Pods Frameworks */ = {
			isa = PBXShellScriptBuildPhase;
			buildActionMask = 2147483647;
			files = (
			);
			inputPaths = (
				"${SRCROOT}/Pods/Target Support Files/Pods-ProStudioRhymes/Pods-ProStudioRhymes-frameworks.sh",
				"${BUILT_PRODUCTS_DIR}/Alamofire/Alamofire.framework",
			);
			name = "[CP] Embed Pods Frameworks";
			outputPaths = (
				"${TARGET_BUILD_DIR}/${FRAMEWORKS_FOLDER_PATH}/Alamofire.framework",
			);
			runOnlyForDeploymentPostprocessing = 0;
			shellPath = /bin/sh;
			shellScript = "\"${SRCROOT}/Pods/Target Support Files/Pods-ProStudioRhymes/Pods-ProStudioRhymes-frameworks.sh\"\n";
			showEnvVarsInLog = 0;
		};
/* End PBXShellScriptBuildPhase section */

/* Begin PBXSourcesBuildPhase section */
		82613A331FAAF7B300D21D50 /* Sources */ = {
			isa = PBXSourcesBuildPhase;
			buildActionMask = 2147483647;
			files = (
				82613A3D1FAAF7B300D21D50 /* ViewController.swift in Sources */,
				820377801FACE6F100341FDE /* RhymingTableTableViewController.swift in Sources */,
				82613A3B1FAAF7B300D21D50 /* AppDelegate.swift in Sources */,
				82E526EB1FB13B6D00859268 /* Reachability.swift in Sources */,
				82D5347D1FAC43F600B9F9DE /* RhymeStructure.swift in Sources */,
			);
			runOnlyForDeploymentPostprocessing = 0;
		};
/* End PBXSourcesBuildPhase section */

/* Begin PBXVariantGroup section */
		82613A3E1FAAF7B300D21D50 /* Main.storyboard */ = {
			isa = PBXVariantGroup;
			children = (
				82613A3F1FAAF7B300D21D50 /* Base */,
			);
			name = Main.storyboard;
			sourceTree = "<group>";
		};
/* End PBXVariantGroup section */

/* Begin XCBuildConfiguration section */
		82613A471FAAF7B300D21D50 /* Debug */ = {
			isa = XCBuildConfiguration;
			buildSettings = {
				ALWAYS_SEARCH_USER_PATHS = NO;
				CLANG_ANALYZER_NONNULL = YES;
				CLANG_ANALYZER_NUMBER_OBJECT_CONVERSION = YES_AGGRESSIVE;
				CLANG_CXX_LANGUAGE_STANDARD = "gnu++14";
				CLANG_CXX_LIBRARY = "libc++";
				CLANG_ENABLE_MODULES = YES;
				CLANG_ENABLE_OBJC_ARC = YES;
				CLANG_WARN_BLOCK_CAPTURE_AUTORELEASING = YES;
				CLANG_WARN_BOOL_CONVERSION = YES;
				CLANG_WARN_COMMA = YES;
				CLANG_WARN_CONSTANT_CONVERSION = YES;
				CLANG_WARN_DIRECT_OBJC_ISA_USAGE = YES_ERROR;
				CLANG_WARN_DOCUMENTATION_COMMENTS = YES;
				CLANG_WARN_EMPTY_BODY = YES;
				CLANG_WARN_ENUM_CONVERSION = YES;
				CLANG_WARN_INFINITE_RECURSION = YES;
				CLANG_WARN_INT_CONVERSION = YES;
				CLANG_WARN_NON_LITERAL_NULL_CONVERSION = YES;
				CLANG_WARN_OBJC_LITERAL_CONVERSION = YES;
				CLANG_WARN_OBJC_ROOT_CLASS = YES_ERROR;
				CLANG_WARN_RANGE_LOOP_ANALYSIS = YES;
				CLANG_WARN_STRICT_PROTOTYPES = YES;
				CLANG_WARN_SUSPICIOUS_MOVE = YES;
				CLANG_WARN_UNGUARDED_AVAILABILITY = YES_AGGRESSIVE;
				CLANG_WARN_UNREACHABLE_CODE = YES;
				CLANG_WARN__DUPLICATE_METHOD_MATCH = YES;
				CODE_SIGN_IDENTITY = "iPhone Developer";
				COPY_PHASE_STRIP = NO;
				DEBUG_INFORMATION_FORMAT = dwarf;
				ENABLE_STRICT_OBJC_MSGSEND = YES;
				ENABLE_TESTABILITY = YES;
				GCC_C_LANGUAGE_STANDARD = gnu11;
				GCC_DYNAMIC_NO_PIC = NO;
				GCC_NO_COMMON_BLOCKS = YES;
				GCC_OPTIMIZATION_LEVEL = 0;
				GCC_PREPROCESSOR_DEFINITIONS = (
					"DEBUG=1",
					"$(inherited)",
				);
				GCC_WARN_64_TO_32_BIT_CONVERSION = YES;
				GCC_WARN_ABOUT_RETURN_TYPE = YES_ERROR;
				GCC_WARN_UNDECLARED_SELECTOR = YES;
				GCC_WARN_UNINITIALIZED_AUTOS = YES_AGGRESSIVE;
				GCC_WARN_UNUSED_FUNCTION = YES;
				GCC_WARN_UNUSED_VARIABLE = YES;
				IPHONEOS_DEPLOYMENT_TARGET = 11;
				MTL_ENABLE_DEBUG_INFO = YES;
				ONLY_ACTIVE_ARCH = YES;
				SDKROOT = iphoneos;
				SWIFT_ACTIVE_COMPILATION_CONDITIONS = DEBUG;
				SWIFT_OPTIMIZATION_LEVEL = "-Onone";
			};
			name = Debug;
		};
		82613A481FAAF7B300D21D50 /* Release */ = {
			isa = XCBuildConfiguration;
			buildSettings = {
				ALWAYS_SEARCH_USER_PATHS = NO;
				CLANG_ANALYZER_NONNULL = YES;
				CLANG_ANALYZER_NUMBER_OBJECT_CONVERSION = YES_AGGRESSIVE;
				CLANG_CXX_LANGUAGE_STANDARD = "gnu++14";
				CLANG_CXX_LIBRARY = "libc++";
				CLANG_ENABLE_MODULES = YES;
				CLANG_ENABLE_OBJC_ARC = YES;
				CLANG_WARN_BLOCK_CAPTURE_AUTORELEASING = YES;
				CLANG_WARN_BOOL_CONVERSION = YES;
				CLANG_WARN_COMMA = YES;
				CLANG_WARN_CONSTANT_CONVERSION = YES;
				CLANG_WARN_DIRECT_OBJC_ISA_USAGE = YES_ERROR;
				CLANG_WARN_DOCUMENTATION_COMMENTS = YES;
				CLANG_WARN_EMPTY_BODY = YES;
				CLANG_WARN_ENUM_CONVERSION = YES;
				CLANG_WARN_INFINITE_RECURSION = YES;
				CLANG_WARN_INT_CONVERSION = YES;
				CLANG_WARN_NON_LITERAL_NULL_CONVERSION = YES;
				CLANG_WARN_OBJC_LITERAL_CONVERSION = YES;
				CLANG_WARN_OBJC_ROOT_CLASS = YES_ERROR;
				CLANG_WARN_RANGE_LOOP_ANALYSIS = YES;
				CLANG_WARN_STRICT_PROTOTYPES = YES;
				CLANG_WARN_SUSPICIOUS_MOVE = YES;
				CLANG_WARN_UNGUARDED_AVAILABILITY = YES_AGGRESSIVE;
				CLANG_WARN_UNREACHABLE_CODE = YES;
				CLANG_WARN__DUPLICATE_METHOD_MATCH = YES;
				CODE_SIGN_IDENTITY = "iPhone Developer";
				COPY_PHASE_STRIP = NO;
				DEBUG_INFORMATION_FORMAT = "dwarf-with-dsym";
				ENABLE_NS_ASSERTIONS = NO;
				ENABLE_STRICT_OBJC_MSGSEND = YES;
				GCC_C_LANGUAGE_STANDARD = gnu11;
				GCC_NO_COMMON_BLOCKS = YES;
				GCC_WARN_64_TO_32_BIT_CONVERSION = YES;
				GCC_WARN_ABOUT_RETURN_TYPE = YES_ERROR;
				GCC_WARN_UNDECLARED_SELECTOR = YES;
				GCC_WARN_UNINITIALIZED_AUTOS = YES_AGGRESSIVE;
				GCC_WARN_UNUSED_FUNCTION = YES;
				GCC_WARN_UNUSED_VARIABLE = YES;
				IPHONEOS_DEPLOYMENT_TARGET = 11;
				MTL_ENABLE_DEBUG_INFO = NO;
				SDKROOT = iphoneos;
				SWIFT_OPTIMIZATION_LEVEL = "-Owholemodule";
				VALIDATE_PRODUCT = YES;
			};
			name = Release;
		};
		82613A4A1FAAF7B300D21D50 /* Debug */ = {
			isa = XCBuildConfiguration;
			baseConfigurationReference = 4AA27C1E07806FF70E39C06E /* Pods-ProStudioRhymes.debug.xcconfig */;
			buildSettings = {
				ASSETCATALOG_COMPILER_APPICON_NAME = AppIcon;
				ASSETCATALOG_COMPILER_LAUNCHIMAGE_NAME = LaunchImage;
				CODE_SIGN_STYLE = Automatic;
				DEVELOPMENT_TEAM = 4EZLJ9V85R;
				INFOPLIST_FILE = ProStudioRhymes/Info.plist;
				LD_RUNPATH_SEARCH_PATHS = "$(inherited) @executable_path/Frameworks";
				PRODUCT_BUNDLE_IDENTIFIER = com.novleg.ProStudioRhymes;
				PRODUCT_NAME = "$(TARGET_NAME)";
				SWIFT_VERSION = 4.0;
				TARGETED_DEVICE_FAMILY = "1,2";
			};
			name = Debug;
		};
		82613A4B1FAAF7B300D21D50 /* Release */ = {
			isa = XCBuildConfiguration;
			baseConfigurationReference = ED86F091B294AB4F4FF8E237 /* Pods-ProStudioRhymes.release.xcconfig */;
			buildSettings = {
				ASSETCATALOG_COMPILER_APPICON_NAME = AppIcon;
				ASSETCATALOG_COMPILER_LAUNCHIMAGE_NAME = LaunchImage;
				CODE_SIGN_STYLE = Automatic;
				DEVELOPMENT_TEAM = 4EZLJ9V85R;
				INFOPLIST_FILE = ProStudioRhymes/Info.plist;
				LD_RUNPATH_SEARCH_PATHS = "$(inherited) @executable_path/Frameworks";
				PRODUCT_BUNDLE_IDENTIFIER = com.novleg.ProStudioRhymes;
				PRODUCT_NAME = "$(TARGET_NAME)";
				SWIFT_VERSION = 4.0;
				TARGETED_DEVICE_FAMILY = "1,2";
			};
			name = Release;
		};
/* End XCBuildConfiguration section */

/* Begin XCConfigurationList section */
		82613A321FAAF7B300D21D50 /* Build configuration list for PBXProject "ProStudioRhymes" */ = {
			isa = XCConfigurationList;
			buildConfigurations = (
				82613A471FAAF7B300D21D50 /* Debug */,
				82613A481FAAF7B300D21D50 /* Release */,
			);
			defaultConfigurationIsVisible = 0;
			defaultConfigurationName = Release;
		};
		82613A491FAAF7B300D21D50 /* Build configuration list for PBXNativeTarget "ProStudioRhymes" */ = {
			isa = XCConfigurationList;
			buildConfigurations = (
				82613A4A1FAAF7B300D21D50 /* Debug */,
				82613A4B1FAAF7B300D21D50 /* Release */,
			);
			defaultConfigurationIsVisible = 0;
			defaultConfigurationName = Release;
		};
/* End XCConfigurationList section */
	};
	rootObject = 82613A2F1FAAF7B300D21D50 /* Project object */;
}
